
Microsoft Visual Studio Solution File, Format Version 12.00
Project("{FAE04EC0-301F-11D3-BF4B-00C04F79EFBC}") = "PortfolioApi", "PortfolioApi.csproj", "{1BFF001F-ABDF-4FD5-B5EA-76905BFE696E}"
EndProject
Global
	GlobalSection(SolutionConfigurationPlatforms) = preSolution
		Debug|Any CPU = Debug|Any CPU
		Release|Any CPU = Release|Any CPU
	EndGlobalSection
	GlobalSection(ProjectConfigurationPlatforms) = postSolution
		{1BFF001F-ABDF-4FD5-B5EA-76905BFE696E}.Debug|Any CPU.ActiveCfg = Debug|Any CPU
		{1BFF001F-ABDF-4FD5-B5EA-76905BFE696E}.Debug|Any CPU.Build.0 = Debug|Any CPU
		{1BFF001F-ABDF-4FD5-B5EA-76905BFE696E}.Release|Any CPU.ActiveCfg = Release|Any CPU
		{1BFF001F-ABDF-4FD5-B5EA-76905BFE696E}.Release|Any CPU.Build.0 = Release|Any CPU
	EndGlobalSection
EndGlobal
